
Microsoft Visual Studio Solution File, Format Version 11.00
# Visual Studio 2010
Project("{FAE04EC0-301F-11D3-BF4B-00C04F79EFBC}") = "PArticulo", "PArticulo\PArticulo.csproj", "{12CAA1A1-48E6-4FE6-A219-1FAC568DA2F7}"
EndProject
Project("{FAE04EC0-301F-11D3-BF4B-00C04F79EFBC}") = "PGtkSerpis", "PGtkSerpis\PGtkSerpis.csproj", "{7526B619-FB25-4FEE-84DB-002AACF2E902}"
EndProject
Global
	GlobalSection(SolutionConfigurationPlatforms) = preSolution
		Debug|x86 = Debug|x86
		Release|x86 = Release|x86
	EndGlobalSection
	GlobalSection(ProjectConfigurationPlatforms) = postSolution
		{12CAA1A1-48E6-4FE6-A219-1FAC568DA2F7}.Debug|x86.ActiveCfg = Debug|x86
		{12CAA1A1-48E6-4FE6-A219-1FAC568DA2F7}.Debug|x86.Build.0 = Debug|x86
		{12CAA1A1-48E6-4FE6-A219-1FAC568DA2F7}.Release|x86.ActiveCfg = Release|x86
		{12CAA1A1-48E6-4FE6-A219-1FAC568DA2F7}.Release|x86.Build.0 = Release|x86
		{7526B619-FB25-4FEE-84DB-002AACF2E902}.Debug|x86.ActiveCfg = Debug|Any CPU
		{7526B619-FB25-4FEE-84DB-002AACF2E902}.Debug|x86.Build.0 = Debug|Any CPU
		{7526B619-FB25-4FEE-84DB-002AACF2E902}.Release|x86.ActiveCfg = Release|Any CPU
		{7526B619-FB25-4FEE-84DB-002AACF2E902}.Release|x86.Build.0 = Release|Any CPU
	EndGlobalSection
	GlobalSection(MonoDevelopProperties) = preSolution
		StartupItem = PArticulo\PArticulo.csproj
	EndGlobalSection
EndGlobal
